<?xml version="1.0" encoding="UTF-8"?>
<CodeBlocks_project_file>
	<FileVersion major="1" minor="6"/>
	<Project>
		<Option title="tcp_shmafka"/>
		<Option makefile_is_custom="1"/>
		<Option compiler="gcc"/>
		<Option virtualFolders="CMake Files\;"/>
		<Build>
			<Target title="all">
				<Option working_dir="/home/dima/CLionProjects/tcp_shmafka"/>
				<Option type="4"/>
				<MakeCommands>
					<Build command="/usr/bin/make -j4 -f &quot;/home/dima/CLionProjects/tcp_shmafka/Makefile&quot;  VERBOSE=1 all"/>
					<CompileFile command="/usr/bin/make -j4 -f &quot;/home/dima/CLionProjects/tcp_shmafka/Makefile&quot;  VERBOSE=1 &quot;$file&quot;"/>
					<Clean command="/usr/bin/make -j4 -f &quot;/home/dima/CLionProjects/tcp_shmafka/Makefile&quot;  VERBOSE=1 clean"/>
					<DistClean command="/usr/bin/make -j4 -f &quot;/home/dima/CLionProjects/tcp_shmafka/Makefile&quot;  VERBOSE=1 clean"/>
				</MakeCommands>
			</Target>
			<Target title="rebuild_cache">
				<Option working_dir="/home/dima/CLionProjects/tcp_shmafka"/>
				<Option type="4"/>
				<MakeCommands>
					<Build command="/usr/bin/make -j4 -f &quot;/home/dima/CLionProjects/tcp_shmafka/Makefile&quot;  VERBOSE=1 rebuild_cache"/>
					<CompileFile command="/usr/bin/make -j4 -f &quot;/home/dima/CLionProjects/tcp_shmafka/Makefile&quot;  VERBOSE=1 &quot;$file&quot;"/>
					<Clean command="/usr/bin/make -j4 -f &quot;/home/dima/CLionProjects/tcp_shmafka/Makefile&quot;  VERBOSE=1 clean"/>
					<DistClean command="/usr/bin/make -j4 -f &quot;/home/dima/CLionProjects/tcp_shmafka/Makefile&quot;  VERBOSE=1 clean"/>
				</MakeCommands>
			</Target>
			<Target title="edit_cache">
				<Option working_dir="/home/dima/CLionProjects/tcp_shmafka"/>
				<Option type="4"/>
				<MakeCommands>
					<Build command="/usr/bin/make -j4 -f &quot;/home/dima/CLionProjects/tcp_shmafka/Makefile&quot;  VERBOSE=1 edit_cache"/>
					<CompileFile command="/usr/bin/make -j4 -f &quot;/home/dima/CLionProjects/tcp_shmafka/Makefile&quot;  VERBOSE=1 &quot;$file&quot;"/>
					<Clean command="/usr/bin/make -j4 -f &quot;/home/dima/CLionProjects/tcp_shmafka/Makefile&quot;  VERBOSE=1 clean"/>
					<DistClean command="/usr/bin/make -j4 -f &quot;/home/dima/CLionProjects/tcp_shmafka/Makefile&quot;  VERBOSE=1 clean"/>
				</MakeCommands>
			</Target>
			<Target title="tcp_shmafka">
				<Option output="/home/dima/CLionProjects/tcp_shmafka/tcp_shmafka" prefix_auto="0" extension_auto="0"/>
				<Option working_dir="/home/dima/CLionProjects/tcp_shmafka"/>
				<Option object_output="./"/>
				<Option type="1"/>
				<Option compiler="gcc"/>
				<Compiler>
					<Add directory="/usr/include/boost/asio/ip"/>
					<Add directory="/home/dima/CLionProjects/tcp_shmafka/external_libs/iniparser/src"/>
					<Add directory="/usr/include/c++/5"/>
					<Add directory="/usr/include/x86_64-linux-gnu/c++/5"/>
					<Add directory="/usr/include/c++/5/backward"/>
					<Add directory="/usr/lib/gcc/x86_64-linux-gnu/5/include"/>
					<Add directory="/usr/local/include"/>
					<Add directory="/usr/lib/gcc/x86_64-linux-gnu/5/include-fixed"/>
					<Add directory="/usr/include/x86_64-linux-gnu"/>
					<Add directory="/usr/include"/>
				</Compiler>
				<MakeCommands>
					<Build command="/usr/bin/make -j4 -f &quot;/home/dima/CLionProjects/tcp_shmafka/Makefile&quot;  VERBOSE=1 tcp_shmafka"/>
					<CompileFile command="/usr/bin/make -j4 -f &quot;/home/dima/CLionProjects/tcp_shmafka/Makefile&quot;  VERBOSE=1 &quot;$file&quot;"/>
					<Clean command="/usr/bin/make -j4 -f &quot;/home/dima/CLionProjects/tcp_shmafka/Makefile&quot;  VERBOSE=1 clean"/>
					<DistClean command="/usr/bin/make -j4 -f &quot;/home/dima/CLionProjects/tcp_shmafka/Makefile&quot;  VERBOSE=1 clean"/>
				</MakeCommands>
			</Target>
			<Target title="tcp_shmafka/fast">
				<Option output="/home/dima/CLionProjects/tcp_shmafka/tcp_shmafka" prefix_auto="0" extension_auto="0"/>
				<Option working_dir="/home/dima/CLionProjects/tcp_shmafka"/>
				<Option object_output="./"/>
				<Option type="1"/>
				<Option compiler="gcc"/>
				<Compiler>
					<Add directory="/usr/include/boost/asio/ip"/>
					<Add directory="/home/dima/CLionProjects/tcp_shmafka/external_libs/iniparser/src"/>
					<Add directory="/usr/include/c++/5"/>
					<Add directory="/usr/include/x86_64-linux-gnu/c++/5"/>
					<Add directory="/usr/include/c++/5/backward"/>
					<Add directory="/usr/lib/gcc/x86_64-linux-gnu/5/include"/>
					<Add directory="/usr/local/include"/>
					<Add directory="/usr/lib/gcc/x86_64-linux-gnu/5/include-fixed"/>
					<Add directory="/usr/include/x86_64-linux-gnu"/>
					<Add directory="/usr/include"/>
				</Compiler>
				<MakeCommands>
					<Build command="/usr/bin/make -j4 -f &quot;/home/dima/CLionProjects/tcp_shmafka/Makefile&quot;  VERBOSE=1 tcp_shmafka/fast"/>
					<CompileFile command="/usr/bin/make -j4 -f &quot;/home/dima/CLionProjects/tcp_shmafka/Makefile&quot;  VERBOSE=1 &quot;$file&quot;"/>
					<Clean command="/usr/bin/make -j4 -f &quot;/home/dima/CLionProjects/tcp_shmafka/Makefile&quot;  VERBOSE=1 clean"/>
					<DistClean command="/usr/bin/make -j4 -f &quot;/home/dima/CLionProjects/tcp_shmafka/Makefile&quot;  VERBOSE=1 clean"/>
				</MakeCommands>
			</Target>
		</Build>
		<Unit filename="/home/dima/CLionProjects/tcp_shmafka/src/BufferPool.cpp">
			<Option target="tcp_shmafka"/>
		</Unit>
		<Unit filename="/home/dima/CLionProjects/tcp_shmafka/src/BufferPool.h">
			<Option target="tcp_shmafka"/>
		</Unit>
		<Unit filename="/home/dima/CLionProjects/tcp_shmafka/src/ConcurentQueue.h">
			<Option target="tcp_shmafka"/>
		</Unit>
		<Unit filename="/home/dima/CLionProjects/tcp_shmafka/src/Configuration/Config.cpp">
			<Option target="tcp_shmafka"/>
		</Unit>
		<Unit filename="/home/dima/CLionProjects/tcp_shmafka/src/Configuration/Config.h">
			<Option target="tcp_shmafka"/>
		</Unit>
		<Unit filename="/home/dima/CLionProjects/tcp_shmafka/src/Configuration/GlobalConfig.cpp">
			<Option target="tcp_shmafka"/>
		</Unit>
		<Unit filename="/home/dima/CLionProjects/tcp_shmafka/src/Configuration/GlobalConfig.h">
			<Option target="tcp_shmafka"/>
		</Unit>
		<Unit filename="/home/dima/CLionProjects/tcp_shmafka/src/DefinedMessages.cpp">
			<Option target="tcp_shmafka"/>
		</Unit>
		<Unit filename="/home/dima/CLionProjects/tcp_shmafka/src/DefinedMessages.h">
			<Option target="tcp_shmafka"/>
		</Unit>
		<Unit filename="/home/dima/CLionProjects/tcp_shmafka/src/main.cpp">
			<Option target="tcp_shmafka"/>
		</Unit>
		<Unit filename="/home/dima/CLionProjects/tcp_shmafka/src/server.cpp">
			<Option target="tcp_shmafka"/>
		</Unit>
		<Unit filename="/home/dima/CLionProjects/tcp_shmafka/src/server.h">
			<Option target="tcp_shmafka"/>
		</Unit>
		<Unit filename="/home/dima/CLionProjects/tcp_shmafka/CMakeLists.txt">
			<Option virtualFolder="CMake Files\"/>
		</Unit>
	</Project>
</CodeBlocks_project_file>
